
Microsoft Visual Studio Solution File, Format Version 12.00
# Visual Studio Version 17
VisualStudioVersion = 17.0.31912.275
MinimumVisualStudioVersion = 10.0.40219.1
Project("{8BC9CEB8-8B4A-11D0-8D11-00A0C91BC942}") = "Multipel_Tow_Array", "Multipel_Tow_Array\Multipel_Tow_Array.vcxproj", "{625A4772-F064-4334-AB9D-53A7E185C298}"
EndProject
Global
	GlobalSection(SolutionConfigurationPlatforms) = preSolution
		Debug|x64 = Debug|x64
		Debug|x86 = Debug|x86
		Release|x64 = Release|x64
		Release|x86 = Release|x86
	EndGlobalSection
	GlobalSection(ProjectConfigurationPlatforms) = postSolution
		{625A4772-F064-4334-AB9D-53A7E185C298}.Debug|x64.ActiveCfg = Debug|x64
		{625A4772-F064-4334-AB9D-53A7E185C298}.Debug|x64.Build.0 = Debug|x64
		{625A4772-F064-4334-AB9D-53A7E185C298}.Debug|x86.ActiveCfg = Debug|Win32
		{625A4772-F064-4334-AB9D-53A7E185C298}.Debug|x86.Build.0 = Debug|Win32
		{625A4772-F064-4334-AB9D-53A7E185C298}.Release|x64.ActiveCfg = Release|x64
		{625A4772-F064-4334-AB9D-53A7E185C298}.Release|x64.Build.0 = Release|x64
		{625A4772-F064-4334-AB9D-53A7E185C298}.Release|x86.ActiveCfg = Release|Win32
		{625A4772-F064-4334-AB9D-53A7E185C298}.Release|x86.Build.0 = Release|Win32
	EndGlobalSection
	GlobalSection(SolutionProperties) = preSolution
		HideSolutionNode = FALSE
	EndGlobalSection
	GlobalSection(ExtensibilityGlobals) = postSolution
		SolutionGuid = {42581C72-7B36-42E4-8DD2-BB07088057BB}
	EndGlobalSection
EndGlobal
